
Microsoft Visual Studio Solution File, Format Version 12.00
# Visual Studio 15
VisualStudioVersion = 15.0.27004.2005
MinimumVisualStudioVersion = 10.0.40219.1
Project("{FAE04EC0-301F-11D3-BF4B-00C04F79EFBC}") = "rab1", "rab1\rab1.csproj", "{34CEC1D9-4DDA-430D-B04C-AEB13036D6C2}"
EndProject
Project("{2150E333-8FDC-42A3-9474-1A3956D46DE8}") = "Solution Items", "Solution Items", "{AFD33A89-FD94-4ACF-87BD-D067F523A5DE}"
	ProjectSection(SolutionItems) = preProject
		..\..\test\rab1\ImageGetter.cs = ..\..\test\rab1\ImageGetter.cs
	EndProjectSection
EndProject
Project("{FAE04EC0-301F-11D3-BF4B-00C04F79EFBC}") = "EDSDKLib", "EDSDKLib\EDSDKLib.csproj", "{AEB0A485-01FC-4111-818C-E81434A388F1}"
EndProject
Project("{2150E333-8FDC-42A3-9474-1A3956D46DE8}") = "OpenCLImageProcessing", "OpenCLImageProcessing", "{17D419B9-9423-49E8-AF7C-50BDD1D36636}"
EndProject
Project("{FAE04EC0-301F-11D3-BF4B-00C04F79EFBC}") = "HolographicInterferometryVNext", "OpenCLImageProcessing\HolographicInterferometryVNext\HolographicInterferometryVNext.csproj", "{797E1E01-AB9F-44C7-A16B-F1B560E40C8A}"
EndProject
Project("{FAE04EC0-301F-11D3-BF4B-00C04F79EFBC}") = "UserInterface", "OpenCLImageProcessing\UserInterface\UserInterface.csproj", "{6724FE34-E163-49E0-9646-1A2896FBED54}"
EndProject
Project("{FAE04EC0-301F-11D3-BF4B-00C04F79EFBC}") = "Processing", "OpenCLImageProcessing\Processing\Processing.csproj", "{39221112-49E4-49B9-A8ED-D63243FB0BDC}"
EndProject
Project("{FAE04EC0-301F-11D3-BF4B-00C04F79EFBC}") = "Infrastructure", "OpenCLImageProcessing\Infrastructure\Infrastructure.csproj", "{D414B285-3781-4F76-AF5F-59CAFF56A96D}"
EndProject
Project("{FAE04EC0-301F-11D3-BF4B-00C04F79EFBC}") = "Measurement", "OpenCLImageProcessing\Measurement\Measurement.csproj", "{FA6BE8F0-A87C-40ED-8B37-3FD99811259A}"
EndProject
Project("{FAE04EC0-301F-11D3-BF4B-00C04F79EFBC}") = "Common", "OpenCLImageProcessing\Common\Common.csproj", "{95DA8CF5-CAE9-436D-A07E-74E83DCAB0F8}"
EndProject
Project("{2150E333-8FDC-42A3-9474-1A3956D46DE8}") = "Tests", "Tests", "{FD35B140-6AF6-468B-B41D-F6997DFFDEEB}"
EndProject
Project("{FAE04EC0-301F-11D3-BF4B-00C04F79EFBC}") = "IntegrationTests", "OpenCLImageProcessing\IntegrationTests\IntegrationTests.csproj", "{836388D0-A375-4240-BA3E-F089A2E0AAB0}"
EndProject
Project("{FAE04EC0-301F-11D3-BF4B-00C04F79EFBC}") = "Camera", "Camera\Camera.csproj", "{AB71D29D-86E2-4DD5-AE20-3648DE84B3BA}"
EndProject
Global
	GlobalSection(SolutionConfigurationPlatforms) = preSolution
		Debug|Any CPU = Debug|Any CPU
		Debug|x64 = Debug|x64
		Debug|x86 = Debug|x86
		Release|Any CPU = Release|Any CPU
		Release|x64 = Release|x64
		Release|x86 = Release|x86
	EndGlobalSection
	GlobalSection(ProjectConfigurationPlatforms) = postSolution
		{34CEC1D9-4DDA-430D-B04C-AEB13036D6C2}.Debug|Any CPU.ActiveCfg = Debug|x64
		{34CEC1D9-4DDA-430D-B04C-AEB13036D6C2}.Debug|Any CPU.Build.0 = Debug|x64
		{34CEC1D9-4DDA-430D-B04C-AEB13036D6C2}.Debug|x64.ActiveCfg = Debug|x64
		{34CEC1D9-4DDA-430D-B04C-AEB13036D6C2}.Debug|x64.Build.0 = Debug|x64
		{34CEC1D9-4DDA-430D-B04C-AEB13036D6C2}.Debug|x86.ActiveCfg = Debug|x86
		{34CEC1D9-4DDA-430D-B04C-AEB13036D6C2}.Debug|x86.Build.0 = Debug|x86
		{34CEC1D9-4DDA-430D-B04C-AEB13036D6C2}.Release|Any CPU.ActiveCfg = Release|x86
		{34CEC1D9-4DDA-430D-B04C-AEB13036D6C2}.Release|x64.ActiveCfg = Release|x64
		{34CEC1D9-4DDA-430D-B04C-AEB13036D6C2}.Release|x64.Build.0 = Release|x64
		{34CEC1D9-4DDA-430D-B04C-AEB13036D6C2}.Release|x86.ActiveCfg = Release|x86
		{34CEC1D9-4DDA-430D-B04C-AEB13036D6C2}.Release|x86.Build.0 = Release|x86
		{AEB0A485-01FC-4111-818C-E81434A388F1}.Debug|Any CPU.ActiveCfg = Debug|x64
		{AEB0A485-01FC-4111-818C-E81434A388F1}.Debug|Any CPU.Build.0 = Debug|x64
		{AEB0A485-01FC-4111-818C-E81434A388F1}.Debug|x64.ActiveCfg = Debug|x64
		{AEB0A485-01FC-4111-818C-E81434A388F1}.Debug|x64.Build.0 = Debug|x64
		{AEB0A485-01FC-4111-818C-E81434A388F1}.Debug|x86.ActiveCfg = Debug|x86
		{AEB0A485-01FC-4111-818C-E81434A388F1}.Debug|x86.Build.0 = Debug|x86
		{AEB0A485-01FC-4111-818C-E81434A388F1}.Release|Any CPU.ActiveCfg = Release|x86
		{AEB0A485-01FC-4111-818C-E81434A388F1}.Release|x64.ActiveCfg = Release|x64
		{AEB0A485-01FC-4111-818C-E81434A388F1}.Release|x64.Build.0 = Release|x64
		{AEB0A485-01FC-4111-818C-E81434A388F1}.Release|x86.ActiveCfg = Release|x86
		{AEB0A485-01FC-4111-818C-E81434A388F1}.Release|x86.Build.0 = Release|x86
		{797E1E01-AB9F-44C7-A16B-F1B560E40C8A}.Debug|Any CPU.ActiveCfg = Debug|Any CPU
		{797E1E01-AB9F-44C7-A16B-F1B560E40C8A}.Debug|Any CPU.Build.0 = Debug|Any CPU
		{797E1E01-AB9F-44C7-A16B-F1B560E40C8A}.Debug|x64.ActiveCfg = Debug|x64
		{797E1E01-AB9F-44C7-A16B-F1B560E40C8A}.Debug|x64.Build.0 = Debug|x64
		{797E1E01-AB9F-44C7-A16B-F1B560E40C8A}.Debug|x86.ActiveCfg = Debug|Any CPU
		{797E1E01-AB9F-44C7-A16B-F1B560E40C8A}.Debug|x86.Build.0 = Debug|Any CPU
		{797E1E01-AB9F-44C7-A16B-F1B560E40C8A}.Release|Any CPU.ActiveCfg = Release|Any CPU
		{797E1E01-AB9F-44C7-A16B-F1B560E40C8A}.Release|Any CPU.Build.0 = Release|Any CPU
		{797E1E01-AB9F-44C7-A16B-F1B560E40C8A}.Release|x64.ActiveCfg = Release|x64
		{797E1E01-AB9F-44C7-A16B-F1B560E40C8A}.Release|x64.Build.0 = Release|x64
		{797E1E01-AB9F-44C7-A16B-F1B560E40C8A}.Release|x86.ActiveCfg = Release|Any CPU
		{797E1E01-AB9F-44C7-A16B-F1B560E40C8A}.Release|x86.Build.0 = Release|Any CPU
		{6724FE34-E163-49E0-9646-1A2896FBED54}.Debug|Any CPU.ActiveCfg = Debug|Any CPU
		{6724FE34-E163-49E0-9646-1A2896FBED54}.Debug|Any CPU.Build.0 = Debug|Any CPU
		{6724FE34-E163-49E0-9646-1A2896FBED54}.Debug|x64.ActiveCfg = Debug|x64
		{6724FE34-E163-49E0-9646-1A2896FBED54}.Debug|x64.Build.0 = Debug|x64
		{6724FE34-E163-49E0-9646-1A2896FBED54}.Debug|x86.ActiveCfg = Debug|Any CPU
		{6724FE34-E163-49E0-9646-1A2896FBED54}.Debug|x86.Build.0 = Debug|Any CPU
		{6724FE34-E163-49E0-9646-1A2896FBED54}.Release|Any CPU.ActiveCfg = Release|Any CPU
		{6724FE34-E163-49E0-9646-1A2896FBED54}.Release|Any CPU.Build.0 = Release|Any CPU
		{6724FE34-E163-49E0-9646-1A2896FBED54}.Release|x64.ActiveCfg = Release|x64
		{6724FE34-E163-49E0-9646-1A2896FBED54}.Release|x64.Build.0 = Release|x64
		{6724FE34-E163-49E0-9646-1A2896FBED54}.Release|x86.ActiveCfg = Release|Any CPU
		{6724FE34-E163-49E0-9646-1A2896FBED54}.Release|x86.Build.0 = Release|Any CPU
		{39221112-49E4-49B9-A8ED-D63243FB0BDC}.Debug|Any CPU.ActiveCfg = Debug|Any CPU
		{39221112-49E4-49B9-A8ED-D63243FB0BDC}.Debug|Any CPU.Build.0 = Debug|Any CPU
		{39221112-49E4-49B9-A8ED-D63243FB0BDC}.Debug|x64.ActiveCfg = Debug|x64
		{39221112-49E4-49B9-A8ED-D63243FB0BDC}.Debug|x64.Build.0 = Debug|x64
		{39221112-49E4-49B9-A8ED-D63243FB0BDC}.Debug|x86.ActiveCfg = Debug|Any CPU
		{39221112-49E4-49B9-A8ED-D63243FB0BDC}.Debug|x86.Build.0 = Debug|Any CPU
		{39221112-49E4-49B9-A8ED-D63243FB0BDC}.Release|Any CPU.ActiveCfg = Release|Any CPU
		{39221112-49E4-49B9-A8ED-D63243FB0BDC}.Release|Any CPU.Build.0 = Release|Any CPU
		{39221112-49E4-49B9-A8ED-D63243FB0BDC}.Release|x64.ActiveCfg = Release|x64
		{39221112-49E4-49B9-A8ED-D63243FB0BDC}.Release|x64.Build.0 = Release|x64
		{39221112-49E4-49B9-A8ED-D63243FB0BDC}.Release|x86.ActiveCfg = Release|Any CPU
		{39221112-49E4-49B9-A8ED-D63243FB0BDC}.Release|x86.Build.0 = Release|Any CPU
		{D414B285-3781-4F76-AF5F-59CAFF56A96D}.Debug|Any CPU.ActiveCfg = Debug|Any CPU
		{D414B285-3781-4F76-AF5F-59CAFF56A96D}.Debug|Any CPU.Build.0 = Debug|Any CPU
		{D414B285-3781-4F76-AF5F-59CAFF56A96D}.Debug|x64.ActiveCfg = Debug|x64
		{D414B285-3781-4F76-AF5F-59CAFF56A96D}.Debug|x64.Build.0 = Debug|x64
		{D414B285-3781-4F76-AF5F-59CAFF56A96D}.Debug|x86.ActiveCfg = Debug|Any CPU
		{D414B285-3781-4F76-AF5F-59CAFF56A96D}.Debug|x86.Build.0 = Debug|Any CPU
		{D414B285-3781-4F76-AF5F-59CAFF56A96D}.Release|Any CPU.ActiveCfg = Release|Any CPU
		{D414B285-3781-4F76-AF5F-59CAFF56A96D}.Release|Any CPU.Build.0 = Release|Any CPU
		{D414B285-3781-4F76-AF5F-59CAFF56A96D}.Release|x64.ActiveCfg = Release|x64
		{D414B285-3781-4F76-AF5F-59CAFF56A96D}.Release|x64.Build.0 = Release|x64
		{D414B285-3781-4F76-AF5F-59CAFF56A96D}.Release|x86.ActiveCfg = Release|Any CPU
		{D414B285-3781-4F76-AF5F-59CAFF56A96D}.Release|x86.Build.0 = Release|Any CPU
		{FA6BE8F0-A87C-40ED-8B37-3FD99811259A}.Debug|Any CPU.ActiveCfg = Debug|Any CPU
		{FA6BE8F0-A87C-40ED-8B37-3FD99811259A}.Debug|Any CPU.Build.0 = Debug|Any CPU
		{FA6BE8F0-A87C-40ED-8B37-3FD99811259A}.Debug|x64.ActiveCfg = Debug|x64
		{FA6BE8F0-A87C-40ED-8B37-3FD99811259A}.Debug|x64.Build.0 = Debug|x64
		{FA6BE8F0-A87C-40ED-8B37-3FD99811259A}.Debug|x86.ActiveCfg = Debug|Any CPU
		{FA6BE8F0-A87C-40ED-8B37-3FD99811259A}.Debug|x86.Build.0 = Debug|Any CPU
		{FA6BE8F0-A87C-40ED-8B37-3FD99811259A}.Release|Any CPU.ActiveCfg = Release|Any CPU
		{FA6BE8F0-A87C-40ED-8B37-3FD99811259A}.Release|Any CPU.Build.0 = Release|Any CPU
		{FA6BE8F0-A87C-40ED-8B37-3FD99811259A}.Release|x64.ActiveCfg = Release|x64
		{FA6BE8F0-A87C-40ED-8B37-3FD99811259A}.Release|x64.Build.0 = Release|x64
		{FA6BE8F0-A87C-40ED-8B37-3FD99811259A}.Release|x86.ActiveCfg = Release|Any CPU
		{FA6BE8F0-A87C-40ED-8B37-3FD99811259A}.Release|x86.Build.0 = Release|Any CPU
		{95DA8CF5-CAE9-436D-A07E-74E83DCAB0F8}.Debug|Any CPU.ActiveCfg = Debug|Any CPU
		{95DA8CF5-CAE9-436D-A07E-74E83DCAB0F8}.Debug|Any CPU.Build.0 = Debug|Any CPU
		{95DA8CF5-CAE9-436D-A07E-74E83DCAB0F8}.Debug|x64.ActiveCfg = Debug|x64
		{95DA8CF5-CAE9-436D-A07E-74E83DCAB0F8}.Debug|x64.Build.0 = Debug|x64
		{95DA8CF5-CAE9-436D-A07E-74E83DCAB0F8}.Debug|x86.ActiveCfg = Debug|Any CPU
		{95DA8CF5-CAE9-436D-A07E-74E83DCAB0F8}.Debug|x86.Build.0 = Debug|Any CPU
		{95DA8CF5-CAE9-436D-A07E-74E83DCAB0F8}.Release|Any CPU.ActiveCfg = Release|Any CPU
		{95DA8CF5-CAE9-436D-A07E-74E83DCAB0F8}.Release|Any CPU.Build.0 = Release|Any CPU
		{95DA8CF5-CAE9-436D-A07E-74E83DCAB0F8}.Release|x64.ActiveCfg = Release|x64
		{95DA8CF5-CAE9-436D-A07E-74E83DCAB0F8}.Release|x64.Build.0 = Release|x64
		{95DA8CF5-CAE9-436D-A07E-74E83DCAB0F8}.Release|x86.ActiveCfg = Release|Any CPU
		{95DA8CF5-CAE9-436D-A07E-74E83DCAB0F8}.Release|x86.Build.0 = Release|Any CPU
		{836388D0-A375-4240-BA3E-F089A2E0AAB0}.Debug|Any CPU.ActiveCfg = Debug|Any CPU
		{836388D0-A375-4240-BA3E-F089A2E0AAB0}.Debug|Any CPU.Build.0 = Debug|Any CPU
		{836388D0-A375-4240-BA3E-F089A2E0AAB0}.Debug|x64.ActiveCfg = Debug|x64
		{836388D0-A375-4240-BA3E-F089A2E0AAB0}.Debug|x64.Build.0 = Debug|x64
		{836388D0-A375-4240-BA3E-F089A2E0AAB0}.Debug|x86.ActiveCfg = Debug|Any CPU
		{836388D0-A375-4240-BA3E-F089A2E0AAB0}.Debug|x86.Build.0 = Debug|Any CPU
		{836388D0-A375-4240-BA3E-F089A2E0AAB0}.Release|Any CPU.ActiveCfg = Release|Any CPU
		{836388D0-A375-4240-BA3E-F089A2E0AAB0}.Release|Any CPU.Build.0 = Release|Any CPU
		{836388D0-A375-4240-BA3E-F089A2E0AAB0}.Release|x64.ActiveCfg = Release|x64
		{836388D0-A375-4240-BA3E-F089A2E0AAB0}.Release|x64.Build.0 = Release|x64
		{836388D0-A375-4240-BA3E-F089A2E0AAB0}.Release|x86.ActiveCfg = Release|Any CPU
		{836388D0-A375-4240-BA3E-F089A2E0AAB0}.Release|x86.Build.0 = Release|Any CPU
		{AB71D29D-86E2-4DD5-AE20-3648DE84B3BA}.Debug|Any CPU.ActiveCfg = Debug|Any CPU
		{AB71D29D-86E2-4DD5-AE20-3648DE84B3BA}.Debug|Any CPU.Build.0 = Debug|Any CPU
		{AB71D29D-86E2-4DD5-AE20-3648DE84B3BA}.Debug|x64.ActiveCfg = Debug|x64
		{AB71D29D-86E2-4DD5-AE20-3648DE84B3BA}.Debug|x64.Build.0 = Debug|x64
		{AB71D29D-86E2-4DD5-AE20-3648DE84B3BA}.Debug|x86.ActiveCfg = Debug|Any CPU
		{AB71D29D-86E2-4DD5-AE20-3648DE84B3BA}.Debug|x86.Build.0 = Debug|Any CPU
		{AB71D29D-86E2-4DD5-AE20-3648DE84B3BA}.Release|Any CPU.ActiveCfg = Release|Any CPU
		{AB71D29D-86E2-4DD5-AE20-3648DE84B3BA}.Release|Any CPU.Build.0 = Release|Any CPU
		{AB71D29D-86E2-4DD5-AE20-3648DE84B3BA}.Release|x64.ActiveCfg = Release|x64
		{AB71D29D-86E2-4DD5-AE20-3648DE84B3BA}.Release|x64.Build.0 = Release|x64
		{AB71D29D-86E2-4DD5-AE20-3648DE84B3BA}.Release|x86.ActiveCfg = Release|Any CPU
		{AB71D29D-86E2-4DD5-AE20-3648DE84B3BA}.Release|x86.Build.0 = Release|Any CPU
	EndGlobalSection
	GlobalSection(SolutionProperties) = preSolution
		HideSolutionNode = FALSE
	EndGlobalSection
	GlobalSection(NestedProjects) = preSolution
		{797E1E01-AB9F-44C7-A16B-F1B560E40C8A} = {17D419B9-9423-49E8-AF7C-50BDD1D36636}
		{6724FE34-E163-49E0-9646-1A2896FBED54} = {17D419B9-9423-49E8-AF7C-50BDD1D36636}
		{39221112-49E4-49B9-A8ED-D63243FB0BDC} = {17D419B9-9423-49E8-AF7C-50BDD1D36636}
		{D414B285-3781-4F76-AF5F-59CAFF56A96D} = {17D419B9-9423-49E8-AF7C-50BDD1D36636}
		{FA6BE8F0-A87C-40ED-8B37-3FD99811259A} = {17D419B9-9423-49E8-AF7C-50BDD1D36636}
		{95DA8CF5-CAE9-436D-A07E-74E83DCAB0F8} = {17D419B9-9423-49E8-AF7C-50BDD1D36636}
		{FD35B140-6AF6-468B-B41D-F6997DFFDEEB} = {17D419B9-9423-49E8-AF7C-50BDD1D36636}
		{836388D0-A375-4240-BA3E-F089A2E0AAB0} = {FD35B140-6AF6-468B-B41D-F6997DFFDEEB}
		{AB71D29D-86E2-4DD5-AE20-3648DE84B3BA} = {17D419B9-9423-49E8-AF7C-50BDD1D36636}
	EndGlobalSection
	GlobalSection(ExtensibilityGlobals) = postSolution
		SolutionGuid = {665483B1-3515-4550-BBA2-D28EA06DC103}
	EndGlobalSection
EndGlobal
